{
    "_meta": {
        "hash": {
            "sha256": "e240f5c871b046a768d1e0d24d2baec8a246a4406321613d979d4c4d48e490f2"
        },
        "pipfile-spec": 6,
        "requires": {
            "python_version": "3.7"
        },
        "sources": [
            {
                "name": "pypi",
                "url": "https://pypi.org/simple",
                "verify_ssl": true
            }
        ]
    },
    "default": {},
    "develop": {}
}
